lockfileVersion: '9.0'

settings:
  autoInstallPeers: true
  excludeLinksFromLockfile: false

importers:

  .:
    devDependencies:
      '@types/node':
        specifier: 22.15.3
        version: 22.15.3
      discord-dependless:
        specifier: 'link:'
        version: 'link:'
      oxlint:
        specifier: ^0.16.5
        version: 0.16.5
      rolldown:
        specifier: 1.0.0-beta.49
        version: 1.0.0-beta.49
      rolldown-plugin-dts:
        specifier: ^0.17.5
        version: 0.17.5(rolldown@1.0.0-beta.49)(typescript@5.8.3)
      typescript:
        specifier: ^5.8.3
        version: 5.8.3

packages:

  '@babel/generator@7.28.5':
    resolution: {integrity: sha512-3EwLFhZ38J4VyIP6WNtt2kUdW9dokXA9Cr4IVIFHuCpZ3H8/YFOl5JjZHisrn1fATPBmKKqXzDFvh9fUwHz6CQ==}
    engines: {node: '>=6.9.0'}

  '@babel/helper-string-parser@7.27.1':
    resolution: {integrity: sha512-qMlSxKbpRlAridDExk92nSobyDdpPijUq2DW6oDnUqd0iOGxmQjyqhMIihI9+zv4LPyZdRje2cavWPbCbWm3eA==}
    engines: {node: '>=6.9.0'}

  '@babel/helper-validator-identifier@7.28.5':
    resolution: {integrity: sha512-qSs4ifwzKJSV39ucNjsvc6WVHs6b7S03sOh2OcHF9UHfVPqWWALUsNUVzhSBiItjRZoLHx7nIarVjqKVusUZ1Q==}
    engines: {node: '>=6.9.0'}

  '@babel/parser@7.28.5':
    resolution: {integrity: sha512-KKBU1VGYR7ORr3At5HAtUQ+TV3SzRCXmA/8OdDZiLDBIZxVyzXuztPjfLd3BV1PRAQGCMWWSHYhL0F8d5uHBDQ==}
    engines: {node: '>=6.0.0'}
    hasBin: true

  '@babel/types@7.28.5':
    resolution: {integrity: sha512-qQ5m48eI/MFLQ5PxQj4PFaprjyCTLI37ElWMmNs0K8Lk3dVeOdNpB3ks8jc7yM5CDmVC73eMVk/trk3fgmrUpA==}
    engines: {node: '>=6.9.0'}

  '@emnapi/core@1.7.0':
    resolution: {integrity: sha512-pJdKGq/1iquWYtv1RRSljZklxHCOCAJFJrImO5ZLKPJVJlVUcs8yFwNQlqS0Lo8xT1VAXXTCZocF9n26FWEKsw==}

  '@emnapi/runtime@1.7.0':
    resolution: {integrity: sha512-oAYoQnCYaQZKVS53Fq23ceWMRxq5EhQsE0x0RdQ55jT7wagMu5k+fS39v1fiSLrtrLQlXwVINenqhLMtTrV/1Q==}

  '@emnapi/wasi-threads@1.1.0':
    resolution: {integrity: sha512-WI0DdZ8xFSbgMjR1sFsKABJ/C5OnRrjT06JXbZKexJGrDuPTzZdDYfFlsgcCXCyf+suG5QU2e/y1Wo2V/OapLQ==}

  '@jridgewell/gen-mapping@0.3.12':
    resolution: {integrity: sha512-OuLGC46TjB5BbN1dH8JULVVZY4WTdkF7tV9Ys6wLL1rubZnCMstOhNHueU5bLCrnRuDhKPDM4g6sw4Bel5Gzqg==}

  '@jridgewell/resolve-uri@3.1.2':
    resolution: {integrity: sha512-bRISgCIjP20/tbWSPWMEi54QVPRZExkuD9lJL+UIxUKtwVJA8wW1Trb1jMs1RFXo1CBTNZ/5hpC9QvmKWdopKw==}
    engines: {node: '>=6.0.0'}

  '@jridgewell/sourcemap-codec@1.5.4':
    resolution: {integrity: sha512-VT2+G1VQs/9oz078bLrYbecdZKs912zQlkelYpuf+SXF+QvZDYJlbx/LSx+meSAwdDFnF8FVXW92AVjjkVmgFw==}

  '@jridgewell/sourcemap-codec@1.5.5':
    resolution: {integrity: sha512-cYQ9310grqxueWbl+WuIUIaiUaDcj7WOq5fVhEljNVgRfOUhY9fy2zTvfoqWsnebh8Sl70VScFbICvJnLKB0Og==}

  '@jridgewell/trace-mapping@0.3.29':
    resolution: {integrity: sha512-uw6guiW/gcAGPDhLmd77/6lW8QLeiV5RUTsAX46Db6oLhGaVj4lhnPwb184s1bkc8kdVg/+h988dro8GRDpmYQ==}

  '@napi-rs/wasm-runtime@1.0.7':
    resolution: {integrity: sha512-SeDnOO0Tk7Okiq6DbXmmBODgOAb9dp9gjlphokTUxmt8U3liIP1ZsozBahH69j/RJv+Rfs6IwUKHTgQYJ/HBAw==}

  '@oxc-project/types@0.96.0':
    resolution: {integrity: sha512-r/xkmoXA0xEpU6UGtn18CNVjXH6erU3KCpCDbpLmbVxBFor1U9MqN5Z2uMmCHJuXjJzlnDR+hWY+yPoLo8oHDw==}

  '@oxlint/darwin-arm64@0.16.5':
    resolution: {integrity: sha512-syGjqZ9ES2CZSxL2hJivZNhlaZG/H9EjW1kyup77cSzTqEoaf/wEgiqIEyb1nvkvA2/HexIOkgsL+MsQZ2b04Q==}
    cpu: [arm64]
    os: [darwin]

  '@oxlint/darwin-x64@0.16.5':
    resolution: {integrity: sha512-JczXMFNRwcKYivi4OGaUKfOeugxMF5yMS4oELbSVeP2FQgEPoH/l1WErb+aYNSRuvr5QZiGZST0lGgWy/RPl7A==}
    cpu: [x64]
    os: [darwin]

  '@oxlint/linux-arm64-gnu@0.16.5':
    resolution: {integrity: sha512-II1U6+IZeNRZ+BIPlOQ30cwkzBusF9bx4icx8Pxq7jAbtGKNFMEej9+sp4oXv2b8LU5bWVTQEvH/vuIwusMtmw==}
    cpu: [arm64]
    os: [linux]

  '@oxlint/linux-arm64-musl@0.16.5':
    resolution: {integrity: sha512-2BVhlqspH6Mtqs2jONV6Eu/z+PaDxqPgcFxKV95RJVPHZv3+H6+rElwbCKx73b5IsHZa0SIj/nG1QKYb+GfKiw==}
    cpu: [arm64]
    os: [linux]

  '@oxlint/linux-x64-gnu@0.16.5':
    resolution: {integrity: sha512-4z8eAvwJq7EYM9jUSjw1eL/RsP6Z6mB9e1leKUBY0B1/nRxivDPMA3ryOdJ6ZKTIxWUkJhMshKDP9qa5V8KoEA==}
    cpu: [x64]
    os: [linux]

  '@oxlint/linux-x64-musl@0.16.5':
    resolution: {integrity: sha512-dfswyGsukAJ291Z+Yu7HLZV3JT66B31sCOauPZUqI7MKKqZaYH/2gVKAp/kTq0h94ENIME6jkPLNwJkYmNpYnw==}
    cpu: [x64]
    os: [linux]

  '@oxlint/win32-arm64@0.16.5':
    resolution: {integrity: sha512-YTtBQObOays+OyT31du5WGNhl+I9yWyogTcn9RpKUapoA3XY9q3lS1DNuqTTEOC08+KDDygFGT7fIraMQjehVg==}
    cpu: [arm64]
    os: [win32]

  '@oxlint/win32-x64@0.16.5':
    resolution: {integrity: sha512-cHJJRyVA2XlsGjIVKqw2DC5dkzWGOH6gxQwf6StTHn8F4i5P8gksV70VoNW5mwEXefF2USDX7H43YVIDG5E/Yw==}
    cpu: [x64]
    os: [win32]

  '@rolldown/binding-android-arm64@1.0.0-beta.49':
    resolution: {integrity: sha512-xKQEOmqOet0vFHt/aqcoQGWvoDJhfSO8EBhuST0CDnxQRmnVzbI8keeeX62vi53ZyICKZxczyfx4A8dUY3dqKw==}
    engines: {node: ^20.19.0 || >=22.12.0}
    cpu: [arm64]
    os: [android]

  '@rolldown/binding-darwin-arm64@1.0.0-beta.49':
    resolution: {integrity: sha512-kN0N/8m8HUYO13PqlIwxcXD7fu2E6GKu0J4iH7wUJw3T3QK+nvrc20rxtTZ0J6sA1sGCE8UYvvvnurDwMUp0dg==}
    engines: {node: ^20.19.0 || >=22.12.0}
    cpu: [arm64]
    os: [darwin]

  '@rolldown/binding-darwin-x64@1.0.0-beta.49':
    resolution: {integrity: sha512-29qmvsgY2A4ymfy8sQkFFOFc13m04SLUcYn1iil41gpkYrAspBLkvsOQMHPCs3rQCOImgweT4tFotqTAonwphQ==}
    engines: {node: ^20.19.0 || >=22.12.0}
    cpu: [x64]
    os: [darwin]

  '@rolldown/binding-freebsd-x64@1.0.0-beta.49':
    resolution: {integrity: sha512-fY+esrHjgt6+RAnDPuUk39RvFNmYhJekGyC6wr0HWXGTBed07Feap9BrYINSh6x5xFlNpOPs6tImKnV0zVDuWQ==}
    engines: {node: ^20.19.0 || >=22.12.0}
    cpu: [x64]
    os: [freebsd]

  '@rolldown/binding-linux-arm-gnueabihf@1.0.0-beta.49':
    resolution: {integrity: sha512-oQNAqB+XrRM2AZaSPyudQETsPhzCZqgPICQu80fJuNyBFYoz6nonNNZtm3BJ9uP+HZfUk9NfOn9vPoCNuk6gAw==}
    engines: {node: ^20.19.0 || >=22.12.0}
    cpu: [arm]
    os: [linux]

  '@rolldown/binding-linux-arm64-gnu@1.0.0-beta.49':
    resolution: {integrity: sha512-bJinAiuWUJvlBxPa8ZmRnWkmmAoUlSWtZT4pRkWi/QX3HlgHfUUbhF+d7aZLciai+iFfbiPqOwCL2tqNXXrUsA==}
    engines: {node: ^20.19.0 || >=22.12.0}
    cpu: [arm64]
    os: [linux]

  '@rolldown/binding-linux-arm64-musl@1.0.0-beta.49':
    resolution: {integrity: sha512-gwueY8EJU7afq5tNwKSjYy5JqTR/0MNzZfv6s5dX+rMgeUpTNhwIToLO1F41TPYEa+6LRTXUWG23DO/ONPzUJA==}
    engines: {node: ^20.19.0 || >=22.12.0}
    cpu: [arm64]
    os: [linux]

  '@rolldown/binding-linux-x64-gnu@1.0.0-beta.49':
    resolution: {integrity: sha512-VXYkjzzEZh5N5Ue1IEcBgL8RuJu5jWrIKmg8WY6hhCbnNJ1IOsObT4HFW+rE8ZaKNjoIXzImoiYi1UAkKiQRYA==}
    engines: {node: ^20.19.0 || >=22.12.0}
    cpu: [x64]
    os: [linux]

  '@rolldown/binding-linux-x64-musl@1.0.0-beta.49':
    resolution: {integrity: sha512-S5Yw6g/ftiW7MpNpnOM5vSIlDzGuohDY8y7VOI47+92HhO6WqsNfcMkDZXm3G5l6YIfUNStGBV86NWrzasp+sw==}
    engines: {node: ^20.19.0 || >=22.12.0}
    cpu: [x64]
    os: [linux]

  '@rolldown/binding-openharmony-arm64@1.0.0-beta.49':
    resolution: {integrity: sha512-bhRoMO2oP46W1UDd/PTrSdoIYfvLS2jiFAned0SOzOO0tcait9u+b9i8h4ZugbT2IK4qUXNezovbHJs7hKJOEQ==}
    engines: {node: ^20.19.0 || >=22.12.0}
    cpu: [arm64]
    os: [openharmony]

  '@rolldown/binding-wasm32-wasi@1.0.0-beta.49':
    resolution: {integrity: sha512-Owp6Y1RQ84UMOV8hrg5e1Fmu8Po1IUXWytAHUtPcc00+ty6Gr9g5GgLLw0oblu7QovBr4848ozvkMcEj3vDKgA==}
    engines: {node: '>=14.0.0'}
    cpu: [wasm32]

  '@rolldown/binding-win32-arm64-msvc@1.0.0-beta.49':
    resolution: {integrity: sha512-dnheX8aXsN9P12uwPOW3TVvqSnQ1cfjKQlYgU2dTkrRpnco0kTGvqE1nEWybGukTyuPdzVvrGElgSGEJ7crcSQ==}
    engines: {node: ^20.19.0 || >=22.12.0}
    cpu: [arm64]
    os: [win32]

  '@rolldown/binding-win32-ia32-msvc@1.0.0-beta.49':
    resolution: {integrity: sha512-Blt1aODXiAuEdZBqHYXGJwVFlonXKkVEJy5hhxOgnAVi/0mzFNWDxc8qVlxl7dpQjQdboW/wXdgMHpTDfomicg==}
    engines: {node: ^20.19.0 || >=22.12.0}
    cpu: [ia32]
    os: [win32]

  '@rolldown/binding-win32-x64-msvc@1.0.0-beta.49':
    resolution: {integrity: sha512-sSu4qUlL/62QJrR3P+Bd+EblD8tUpnovUz65qow3PA7YxH+f5NFDbCJMR1m5b8zBuVZwZIHfzbuawz+Vl34/xg==}
    engines: {node: ^20.19.0 || >=22.12.0}
    cpu: [x64]
    os: [win32]

  '@rolldown/pluginutils@1.0.0-beta.49':
    resolution: {integrity: sha512-HLlu3Qn3ePmNCbfehwKWXQMzX/2rzcL6Jmpo+Dl3xnq46TGMyJAgO+IsS8ka7IDLeD3wcoOhjJwxTdIdbrFhGw==}

  '@tybys/wasm-util@0.10.1':
    resolution: {integrity: sha512-9tTaPJLSiejZKx+Bmog4uSubteqTvFrVrURwkmHixBo0G4seD0zUxp98E1DzUBJxLQ3NPwXrGKDiVjwx/DpPsg==}

  '@types/node@22.15.3':
    resolution: {integrity: sha512-lX7HFZeHf4QG/J7tBZqrCAXwz9J5RD56Y6MpP0eJkka8p+K0RY/yBTW7CYFJ4VGCclxqOLKmiGP5juQc6MKgcw==}

  ast-kit@2.2.0:
    resolution: {integrity: sha512-m1Q/RaVOnTp9JxPX+F+Zn7IcLYMzM8kZofDImfsKZd8MbR+ikdOzTeztStWqfrqIxZnYWryyI9ePm3NGjnZgGw==}
    engines: {node: '>=20.19.0'}

  birpc@2.8.0:
    resolution: {integrity: sha512-Bz2a4qD/5GRhiHSwj30c/8kC8QGj12nNDwz3D4ErQ4Xhy35dsSDvF+RA/tWpjyU0pdGtSDiEk6B5fBGE1qNVhw==}

  debug@4.4.3:
    resolution: {integrity: sha512-RGwwWnwQvkVfavKVt22FGLw+xYSdzARwm0ru6DhTVA3umU5hZc28V3kO4stgYryrTlLpuvgI9GiijltAjNbcqA==}
    engines: {node: '>=6.0'}
    peerDependencies:
      supports-color: '*'
    peerDependenciesMeta:
      supports-color:
        optional: true

  dts-resolver@2.1.3:
    resolution: {integrity: sha512-bihc7jPC90VrosXNzK0LTE2cuLP6jr0Ro8jk+kMugHReJVLIpHz/xadeq3MhuwyO4TD4OA3L1Q8pBBFRc08Tsw==}
    engines: {node: '>=20.19.0'}
    peerDependencies:
      oxc-resolver: '>=11.0.0'
    peerDependenciesMeta:
      oxc-resolver:
        optional: true

  get-tsconfig@4.13.0:
    resolution: {integrity: sha512-1VKTZJCwBrvbd+Wn3AOgQP/2Av+TfTCOlE4AcRJE72W1ksZXbAx8PPBR9RzgTeSPzlPMHrbANMH3LbltH73wxQ==}

  jsesc@3.1.0:
    resolution: {integrity: sha512-/sM3dO2FOzXjKQhJuo0Q173wf2KOo8t4I8vHy6lF9poUp7bKT0/NHE8fPX23PwfhnykfqnC2xRxOnVw5XuGIaA==}
    engines: {node: '>=6'}
    hasBin: true

  magic-string@0.30.21:
    resolution: {integrity: sha512-vd2F4YUyEXKGcLHoq+TEyCjxueSeHnFxyyjNp80yg0XV4vUhnDer/lvvlqM/arB5bXQN5K2/3oinyCRyx8T2CQ==}

  ms@2.1.3:
    resolution: {integrity: sha512-6FlzubTLZG3J2a/NVCAleEhjzq5oxgHyaCU9yYXvcLsvoVaHJq/s5xXI6/XXP6tz7R9xAOtHnSO/tXtF3WRTlA==}

  oxlint@0.16.5:
    resolution: {integrity: sha512-z5MX2v4KUqzZQTnRkHHBPE4qEo08f5mJ4dQxi+r5t3xpGspVH/pBzWQ0UUy2xO3JHO8H6wpoeoh8bGs6jEygvQ==}
    engines: {node: '>=8.*'}
    hasBin: true

  pathe@2.0.3:
    resolution: {integrity: sha512-WUjGcAqP1gQacoQe+OBJsFA7Ld4DyXuUIjZ5cc75cLHvJ7dtNsTugphxIADwspS+AraAUePCKrSVtPLFj/F88w==}

  resolve-pkg-maps@1.0.0:
    resolution: {integrity: sha512-seS2Tj26TBVOC2NIc2rOe2y2ZO7efxITtLZcGSOnHHNOQ7CkiUBfw0Iw2ck6xkIhPwLhKNLS8BO+hEpngQlqzw==}

  rolldown-plugin-dts@0.17.5:
    resolution: {integrity: sha512-dYzjLdhgsSIPmOCPJdDXiD6AUotAHVkGLNlSMdi3VmvTqk7O9H7uGzG2WGzgnDxZq6kZh31vZUbp9ZFoOhpySA==}
    engines: {node: '>=20.18.0'}
    peerDependencies:
      '@ts-macro/tsc': ^0.3.6
      '@typescript/native-preview': '>=7.0.0-dev.20250601.1'
      rolldown: ^1.0.0-beta.44
      typescript: ^5.0.0
      vue-tsc: ~3.1.0
    peerDependenciesMeta:
      '@ts-macro/tsc':
        optional: true
      '@typescript/native-preview':
        optional: true
      typescript:
        optional: true
      vue-tsc:
        optional: true

  rolldown@1.0.0-beta.49:
    resolution: {integrity: sha512-Bfmdn3ZqyCwi1LxG39KBrSlil9a/xnrOrAj+jqqN2YTR/WJIEOOfwNKgDALQvr0xlO9bG/i1C883KGd4nd7SrA==}
    engines: {node: ^20.19.0 || >=22.12.0}
    hasBin: true

  tslib@2.8.1:
    resolution: {integrity: sha512-oJFu94HQb+KVduSUQL7wnpmqnfmLsOA/nAh6b6EH0wCEoK0/mPeXU6c3wKDV83MkOuHPRHtSXKKU99IBazS/2w==}

  typescript@5.8.3:
    resolution: {integrity: sha512-p1diW6TqL9L07nNxvRMM7hMMw4c5XOo/1ibL4aAIGmSAt9slTE1Xgw5KWuof2uTOvCg9BY7ZRi+GaF+7sfgPeQ==}
    engines: {node: '>=14.17'}
    hasBin: true

  undici-types@6.21.0:
    resolution: {integrity: sha512-iwDZqg0QAGrg9Rav5H4n0M64c3mkR59cJ6wQp+7C4nI0gsmExaedaYLNO44eT4AtBBwjbTiGPMlt2Md0T9H9JQ==}

snapshots:

  '@babel/generator@7.28.5':
    dependencies:
      '@babel/parser': 7.28.5
      '@babel/types': 7.28.5
      '@jridgewell/gen-mapping': 0.3.12
      '@jridgewell/trace-mapping': 0.3.29
      jsesc: 3.1.0

  '@babel/helper-string-parser@7.27.1': {}

  '@babel/helper-validator-identifier@7.28.5': {}

  '@babel/parser@7.28.5':
    dependencies:
      '@babel/types': 7.28.5

  '@babel/types@7.28.5':
    dependencies:
      '@babel/helper-string-parser': 7.27.1
      '@babel/helper-validator-identifier': 7.28.5

  '@emnapi/core@1.7.0':
    dependencies:
      '@emnapi/wasi-threads': 1.1.0
      tslib: 2.8.1
    optional: true

  '@emnapi/runtime@1.7.0':
    dependencies:
      tslib: 2.8.1
    optional: true

  '@emnapi/wasi-threads@1.1.0':
    dependencies:
      tslib: 2.8.1
    optional: true

  '@jridgewell/gen-mapping@0.3.12':
    dependencies:
      '@jridgewell/sourcemap-codec': 1.5.4
      '@jridgewell/trace-mapping': 0.3.29

  '@jridgewell/resolve-uri@3.1.2': {}

  '@jridgewell/sourcemap-codec@1.5.4': {}

  '@jridgewell/sourcemap-codec@1.5.5': {}

  '@jridgewell/trace-mapping@0.3.29':
    dependencies:
      '@jridgewell/resolve-uri': 3.1.2
      '@jridgewell/sourcemap-codec': 1.5.4

  '@napi-rs/wasm-runtime@1.0.7':
    dependencies:
      '@emnapi/core': 1.7.0
      '@emnapi/runtime': 1.7.0
      '@tybys/wasm-util': 0.10.1
    optional: true

  '@oxc-project/types@0.96.0': {}

  '@oxlint/darwin-arm64@0.16.5':
    optional: true

  '@oxlint/darwin-x64@0.16.5':
    optional: true

  '@oxlint/linux-arm64-gnu@0.16.5':
    optional: true

  '@oxlint/linux-arm64-musl@0.16.5':
    optional: true

  '@oxlint/linux-x64-gnu@0.16.5':
    optional: true

  '@oxlint/linux-x64-musl@0.16.5':
    optional: true

  '@oxlint/win32-arm64@0.16.5':
    optional: true

  '@oxlint/win32-x64@0.16.5':
    optional: true

  '@rolldown/binding-android-arm64@1.0.0-beta.49':
    optional: true

  '@rolldown/binding-darwin-arm64@1.0.0-beta.49':
    optional: true

  '@rolldown/binding-darwin-x64@1.0.0-beta.49':
    optional: true

  '@rolldown/binding-freebsd-x64@1.0.0-beta.49':
    optional: true

  '@rolldown/binding-linux-arm-gnueabihf@1.0.0-beta.49':
    optional: true

  '@rolldown/binding-linux-arm64-gnu@1.0.0-beta.49':
    optional: true

  '@rolldown/binding-linux-arm64-musl@1.0.0-beta.49':
    optional: true

  '@rolldown/binding-linux-x64-gnu@1.0.0-beta.49':
    optional: true

  '@rolldown/binding-linux-x64-musl@1.0.0-beta.49':
    optional: true

  '@rolldown/binding-openharmony-arm64@1.0.0-beta.49':
    optional: true

  '@rolldown/binding-wasm32-wasi@1.0.0-beta.49':
    dependencies:
      '@napi-rs/wasm-runtime': 1.0.7
    optional: true

  '@rolldown/binding-win32-arm64-msvc@1.0.0-beta.49':
    optional: true

  '@rolldown/binding-win32-ia32-msvc@1.0.0-beta.49':
    optional: true

  '@rolldown/binding-win32-x64-msvc@1.0.0-beta.49':
    optional: true

  '@rolldown/pluginutils@1.0.0-beta.49': {}

  '@tybys/wasm-util@0.10.1':
    dependencies:
      tslib: 2.8.1
    optional: true

  '@types/node@22.15.3':
    dependencies:
      undici-types: 6.21.0

  ast-kit@2.2.0:
    dependencies:
      '@babel/parser': 7.28.5
      pathe: 2.0.3

  birpc@2.8.0: {}

  debug@4.4.3:
    dependencies:
      ms: 2.1.3

  dts-resolver@2.1.3: {}

  get-tsconfig@4.13.0:
    dependencies:
      resolve-pkg-maps: 1.0.0

  jsesc@3.1.0: {}

  magic-string@0.30.21:
    dependencies:
      '@jridgewell/sourcemap-codec': 1.5.5

  ms@2.1.3: {}

  oxlint@0.16.5:
    optionalDependencies:
      '@oxlint/darwin-arm64': 0.16.5
      '@oxlint/darwin-x64': 0.16.5
      '@oxlint/linux-arm64-gnu': 0.16.5
      '@oxlint/linux-arm64-musl': 0.16.5
      '@oxlint/linux-x64-gnu': 0.16.5
      '@oxlint/linux-x64-musl': 0.16.5
      '@oxlint/win32-arm64': 0.16.5
      '@oxlint/win32-x64': 0.16.5

  pathe@2.0.3: {}

  resolve-pkg-maps@1.0.0: {}

  rolldown-plugin-dts@0.17.5(rolldown@1.0.0-beta.49)(typescript@5.8.3):
    dependencies:
      '@babel/generator': 7.28.5
      '@babel/parser': 7.28.5
      '@babel/types': 7.28.5
      ast-kit: 2.2.0
      birpc: 2.8.0
      debug: 4.4.3
      dts-resolver: 2.1.3
      get-tsconfig: 4.13.0
      magic-string: 0.30.21
      rolldown: 1.0.0-beta.49
    optionalDependencies:
      typescript: 5.8.3
    transitivePeerDependencies:
      - oxc-resolver
      - supports-color

  rolldown@1.0.0-beta.49:
    dependencies:
      '@oxc-project/types': 0.96.0
      '@rolldown/pluginutils': 1.0.0-beta.49
    optionalDependencies:
      '@rolldown/binding-android-arm64': 1.0.0-beta.49
      '@rolldown/binding-darwin-arm64': 1.0.0-beta.49
      '@rolldown/binding-darwin-x64': 1.0.0-beta.49
      '@rolldown/binding-freebsd-x64': 1.0.0-beta.49
      '@rolldown/binding-linux-arm-gnueabihf': 1.0.0-beta.49
      '@rolldown/binding-linux-arm64-gnu': 1.0.0-beta.49
      '@rolldown/binding-linux-arm64-musl': 1.0.0-beta.49
      '@rolldown/binding-linux-x64-gnu': 1.0.0-beta.49
      '@rolldown/binding-linux-x64-musl': 1.0.0-beta.49
      '@rolldown/binding-openharmony-arm64': 1.0.0-beta.49
      '@rolldown/binding-wasm32-wasi': 1.0.0-beta.49
      '@rolldown/binding-win32-arm64-msvc': 1.0.0-beta.49
      '@rolldown/binding-win32-ia32-msvc': 1.0.0-beta.49
      '@rolldown/binding-win32-x64-msvc': 1.0.0-beta.49

  tslib@2.8.1:
    optional: true

  typescript@5.8.3: {}

  undici-types@6.21.0: {}
