lockfileVersion: '9.0'

settings:
  autoInstallPeers: true
  excludeLinksFromLockfile: false

importers:

  .:
    devDependencies:
      '@types/node':
        specifier: 22.15.3
        version: 22.15.3
      discord-dependless:
        specifier: 'link:'
        version: 'link:'
      oxlint:
        specifier: ^0.16.5
        version: 0.16.5
      rolldown:
        specifier: 1.0.0-beta.14-commit.12b8061
        version: 1.0.0-beta.14-commit.12b8061
      rolldown-plugin-dts:
        specifier: ^0.13.13
        version: 0.13.13(rolldown@1.0.0-beta.14-commit.12b8061)(typescript@5.8.3)
      typescript:
        specifier: ^5.8.3
        version: 5.8.3

packages:

  '@babel/generator@7.28.0':
    resolution: {integrity: sha512-lJjzvrbEeWrhB4P3QBsH7tey117PjLZnDbLiQEKjQ/fNJTjuq4HSqgFA+UNSwZT8D7dxxbnuSBMsa1lrWzKlQg==}
    engines: {node: '>=6.9.0'}

  '@babel/helper-string-parser@7.27.1':
    resolution: {integrity: sha512-qMlSxKbpRlAridDExk92nSobyDdpPijUq2DW6oDnUqd0iOGxmQjyqhMIihI9+zv4LPyZdRje2cavWPbCbWm3eA==}
    engines: {node: '>=6.9.0'}

  '@babel/helper-validator-identifier@7.27.1':
    resolution: {integrity: sha512-D2hP9eA+Sqx1kBZgzxZh0y1trbuU+JoDkiEwqhQ36nodYqJwyEIhPSdMNd7lOm/4io72luTPWH20Yda0xOuUow==}
    engines: {node: '>=6.9.0'}

  '@babel/parser@7.28.0':
    resolution: {integrity: sha512-jVZGvOxOuNSsuQuLRTh13nU0AogFlw32w/MT+LV6D3sP5WdbW61E77RnkbaO2dUvmPAYrBDJXGn5gGS6tH4j8g==}
    engines: {node: '>=6.0.0'}
    hasBin: true

  '@babel/types@7.28.0':
    resolution: {integrity: sha512-jYnje+JyZG5YThjHiF28oT4SIZLnYOcSBb6+SDaFIyzDVSkXQmQQYclJ2R+YxcdmK0AX6x1E5OQNtuh3jHDrUg==}
    engines: {node: '>=6.9.0'}

  '@emnapi/core@1.4.4':
    resolution: {integrity: sha512-A9CnAbC6ARNMKcIcrQwq6HeHCjpcBZ5wSx4U01WXCqEKlrzB9F9315WDNHkrs2xbx7YjjSxbUYxuN6EQzpcY2g==}

  '@emnapi/runtime@1.4.4':
    resolution: {integrity: sha512-hHyapA4A3gPaDCNfiqyZUStTMqIkKRshqPIuDOXv1hcBnD4U3l8cP0T1HMCfGRxQ6V64TGCcoswChANyOAwbQg==}

  '@emnapi/wasi-threads@1.0.3':
    resolution: {integrity: sha512-8K5IFFsQqF9wQNJptGbS6FNKgUTsSRYnTqNCG1vPP8jFdjSv18n2mQfJpkt2Oibo9iBEzcDnDxNwKTzC7svlJw==}

  '@jridgewell/gen-mapping@0.3.12':
    resolution: {integrity: sha512-OuLGC46TjB5BbN1dH8JULVVZY4WTdkF7tV9Ys6wLL1rubZnCMstOhNHueU5bLCrnRuDhKPDM4g6sw4Bel5Gzqg==}

  '@jridgewell/resolve-uri@3.1.2':
    resolution: {integrity: sha512-bRISgCIjP20/tbWSPWMEi54QVPRZExkuD9lJL+UIxUKtwVJA8wW1Trb1jMs1RFXo1CBTNZ/5hpC9QvmKWdopKw==}
    engines: {node: '>=6.0.0'}

  '@jridgewell/sourcemap-codec@1.5.4':
    resolution: {integrity: sha512-VT2+G1VQs/9oz078bLrYbecdZKs912zQlkelYpuf+SXF+QvZDYJlbx/LSx+meSAwdDFnF8FVXW92AVjjkVmgFw==}

  '@jridgewell/trace-mapping@0.3.29':
    resolution: {integrity: sha512-uw6guiW/gcAGPDhLmd77/6lW8QLeiV5RUTsAX46Db6oLhGaVj4lhnPwb184s1bkc8kdVg/+h988dro8GRDpmYQ==}

  '@napi-rs/wasm-runtime@0.2.11':
    resolution: {integrity: sha512-9DPkXtvHydrcOsopiYpUgPHpmj0HWZKMUnL2dZqpvC42lsratuBG06V5ipyno0fUek5VlFsNQ+AcFATSrJXgMA==}

  '@oxc-project/runtime@0.72.3':
    resolution: {integrity: sha512-FtOS+0v7rZcnjXzYTTqv1vu/KDptD1UztFgoZkYBGe/6TcNFm+SP/jQoLvzau1SPir95WgDOBOUm2Gmsm+bQag==}
    engines: {node: '>=6.9.0'}

  '@oxc-project/types@0.72.3':
    resolution: {integrity: sha512-CfAC4wrmMkUoISpQkFAIfMVvlPfQV3xg7ZlcqPXPOIMQhdKIId44G8W0mCPgtpWdFFAyJ+SFtiM+9vbyCkoVng==}

  '@oxlint/darwin-arm64@0.16.5':
    resolution: {integrity: sha512-syGjqZ9ES2CZSxL2hJivZNhlaZG/H9EjW1kyup77cSzTqEoaf/wEgiqIEyb1nvkvA2/HexIOkgsL+MsQZ2b04Q==}
    cpu: [arm64]
    os: [darwin]

  '@oxlint/darwin-x64@0.16.5':
    resolution: {integrity: sha512-JczXMFNRwcKYivi4OGaUKfOeugxMF5yMS4oELbSVeP2FQgEPoH/l1WErb+aYNSRuvr5QZiGZST0lGgWy/RPl7A==}
    cpu: [x64]
    os: [darwin]

  '@oxlint/linux-arm64-gnu@0.16.5':
    resolution: {integrity: sha512-II1U6+IZeNRZ+BIPlOQ30cwkzBusF9bx4icx8Pxq7jAbtGKNFMEej9+sp4oXv2b8LU5bWVTQEvH/vuIwusMtmw==}
    cpu: [arm64]
    os: [linux]

  '@oxlint/linux-arm64-musl@0.16.5':
    resolution: {integrity: sha512-2BVhlqspH6Mtqs2jONV6Eu/z+PaDxqPgcFxKV95RJVPHZv3+H6+rElwbCKx73b5IsHZa0SIj/nG1QKYb+GfKiw==}
    cpu: [arm64]
    os: [linux]

  '@oxlint/linux-x64-gnu@0.16.5':
    resolution: {integrity: sha512-4z8eAvwJq7EYM9jUSjw1eL/RsP6Z6mB9e1leKUBY0B1/nRxivDPMA3ryOdJ6ZKTIxWUkJhMshKDP9qa5V8KoEA==}
    cpu: [x64]
    os: [linux]

  '@oxlint/linux-x64-musl@0.16.5':
    resolution: {integrity: sha512-dfswyGsukAJ291Z+Yu7HLZV3JT66B31sCOauPZUqI7MKKqZaYH/2gVKAp/kTq0h94ENIME6jkPLNwJkYmNpYnw==}
    cpu: [x64]
    os: [linux]

  '@oxlint/win32-arm64@0.16.5':
    resolution: {integrity: sha512-YTtBQObOays+OyT31du5WGNhl+I9yWyogTcn9RpKUapoA3XY9q3lS1DNuqTTEOC08+KDDygFGT7fIraMQjehVg==}
    cpu: [arm64]
    os: [win32]

  '@oxlint/win32-x64@0.16.5':
    resolution: {integrity: sha512-cHJJRyVA2XlsGjIVKqw2DC5dkzWGOH6gxQwf6StTHn8F4i5P8gksV70VoNW5mwEXefF2USDX7H43YVIDG5E/Yw==}
    cpu: [x64]
    os: [win32]

  '@rolldown/binding-darwin-arm64@1.0.0-beta.14-commit.12b8061':
    resolution: {integrity: sha512-t39g9PM8g+BLHaABXTVNQAiOXjZQQ15C6vOcLjhfERc5v990WCVkyiV7T6cllQNnMmCvXvw2Tytxzs+3TlBdQg==}
    cpu: [arm64]
    os: [darwin]

  '@rolldown/binding-darwin-x64@1.0.0-beta.14-commit.12b8061':
    resolution: {integrity: sha512-REyI4a+7Lm6Ix3GFEZCrnf64Bu2Tp0ijyu5NNqMkQugfEZjorVW9GqKvfccYa1xIj3XA5O6CAdP0mpmzojt8BQ==}
    cpu: [x64]
    os: [darwin]

  '@rolldown/binding-freebsd-x64@1.0.0-beta.14-commit.12b8061':
    resolution: {integrity: sha512-QuKgxUPQNTnB2FlenzjX7Ppd046TxZ8c8nh+PpErUlHm38YpCeIz3AgYOplt79DEb1JgnmOBElIDfd6tUWFZog==}
    cpu: [x64]
    os: [freebsd]

  '@rolldown/binding-linux-arm-gnueabihf@1.0.0-beta.14-commit.12b8061':
    resolution: {integrity: sha512-ZxSU7u+z8zjVu6HG/MpJT9Sw+TYDJ3UUOgRo5pemP9quq7yHJTIhcvycs/Ns4hp4Ze5+EyRRcyeovF2Xg6fkdQ==}
    cpu: [arm]
    os: [linux]

  '@rolldown/binding-linux-arm64-gnu@1.0.0-beta.14-commit.12b8061':
    resolution: {integrity: sha512-xAR9O1MruImjDVbiDogxFz9CdllYvCl097+dntIWBQet/JHh14tJs5sYE10MivBRDEY7ezLC8LoLn/N9Ax1HrA==}
    cpu: [arm64]
    os: [linux]

  '@rolldown/binding-linux-arm64-musl@1.0.0-beta.14-commit.12b8061':
    resolution: {integrity: sha512-ay+hlVwOfyM2yM/Gkh7oIyUHWFwn7xzfuh6AaMpCoVK0afC0nZcNU7XXUt1urz7g7YjRHzdEzVARLFmy4EStHw==}
    cpu: [arm64]
    os: [linux]

  '@rolldown/binding-linux-x64-gnu@1.0.0-beta.14-commit.12b8061':
    resolution: {integrity: sha512-ikfWcBWa6lzLqlRaAYSyilVb/orVI2owPKIuieJVtS8S3+fsfL8dsgCWuUnrgU1O6wp8QVZEbar5Hs8xKupJLw==}
    cpu: [x64]
    os: [linux]

  '@rolldown/binding-linux-x64-musl@1.0.0-beta.14-commit.12b8061':
    resolution: {integrity: sha512-rkMC2fRGQ+79xLP/7N/kj7G5u8O5wzfeYmw0wQF4QaZezSig6x8PqG+hFzon0pta/6DtOazB7Hv/wfRX+6+YTA==}
    cpu: [x64]
    os: [linux]

  '@rolldown/binding-wasm32-wasi@1.0.0-beta.14-commit.12b8061':
    resolution: {integrity: sha512-W0n9mhjw+XT3KAbDNKSbR6RjoJv09kG0L5vGJQztMtYGR+m8D0xgDALmOrxIj8qx8QQ7XgNWE2vikKTcNR6p0g==}
    engines: {node: '>=14.21.3'}
    cpu: [wasm32]

  '@rolldown/binding-win32-arm64-msvc@1.0.0-beta.14-commit.12b8061':
    resolution: {integrity: sha512-C4zGdRlDJ9sOVBkPyP2hgz/emhiVP+aUz3BwIReGl5dIa8/MFSt0YNtPuVi5N3mBO8LCPdSx79dqZHLYQZlxsA==}
    cpu: [arm64]
    os: [win32]

  '@rolldown/binding-win32-ia32-msvc@1.0.0-beta.14-commit.12b8061':
    resolution: {integrity: sha512-rfsrzoWka7aexbpNBwhQRCyziJwdiSIkpyvTlg0Eie8xG37z+GIhhuvJnFUxtYhXJ6b/aNhhnUJzRs2zNwycpQ==}
    cpu: [ia32]
    os: [win32]

  '@rolldown/binding-win32-x64-msvc@1.0.0-beta.14-commit.12b8061':
    resolution: {integrity: sha512-9tEQzl3sQER4yssXyEyhU0dMorBYdaGCknBf4UHzpfVDsrFk0JA5k45swMqdFx5QMf9+h1GHfKaAGEZb28KArw==}
    cpu: [x64]
    os: [win32]

  '@rolldown/pluginutils@1.0.0-beta.14-commit.12b8061':
    resolution: {integrity: sha512-a20DfVsjzRAInZbhoMI0fqvi9XVrAU9CZyZsbn3k0BJAGz3MoJKUl/z5Q3TcO3svlLB3lTN2K82cLWH+O0JK3g==}

  '@tybys/wasm-util@0.9.0':
    resolution: {integrity: sha512-6+7nlbMVX/PVDCwaIQ8nTOPveOcFLSt8GcXdx8hD0bt39uWxYT88uXzqTd4fTvqta7oeUJqudepapKNt2DYJFw==}

  '@types/node@22.15.3':
    resolution: {integrity: sha512-lX7HFZeHf4QG/J7tBZqrCAXwz9J5RD56Y6MpP0eJkka8p+K0RY/yBTW7CYFJ4VGCclxqOLKmiGP5juQc6MKgcw==}

  ansis@4.1.0:
    resolution: {integrity: sha512-BGcItUBWSMRgOCe+SVZJ+S7yTRG0eGt9cXAHev72yuGcY23hnLA7Bky5L/xLyPINoSN95geovfBkqoTlNZYa7w==}
    engines: {node: '>=14'}

  ast-kit@2.1.1:
    resolution: {integrity: sha512-mfh6a7gKXE8pDlxTvqIc/syH/P3RkzbOF6LeHdcKztLEzYe6IMsRCL7N8vI7hqTGWNxpkCuuRTpT21xNWqhRtQ==}
    engines: {node: '>=20.18.0'}

  birpc@2.4.0:
    resolution: {integrity: sha512-5IdNxTyhXHv2UlgnPHQ0h+5ypVmkrYHzL8QT+DwFZ//2N/oNV8Ch+BCRmTJ3x6/z9Axo/cXYBc9eprsUVK/Jsg==}

  debug@4.4.1:
    resolution: {integrity: sha512-KcKCqiftBJcZr++7ykoDIEwSa3XWowTfNPo92BYxjXiyYEVrUQh2aLyhxBCwww+heortUFxEJYcRzosstTEBYQ==}
    engines: {node: '>=6.0'}
    peerDependencies:
      supports-color: '*'
    peerDependenciesMeta:
      supports-color:
        optional: true

  dts-resolver@2.1.1:
    resolution: {integrity: sha512-3BiGFhB6mj5Kv+W2vdJseQUYW+SKVzAFJL6YNP6ursbrwy1fXHRotfHi3xLNxe4wZl/K8qbAFeCDjZLjzqxxRw==}
    engines: {node: '>=20.18.0'}
    peerDependencies:
      oxc-resolver: '>=11.0.0'
    peerDependenciesMeta:
      oxc-resolver:
        optional: true

  get-tsconfig@4.10.1:
    resolution: {integrity: sha512-auHyJ4AgMz7vgS8Hp3N6HXSmlMdUyhSUrfBF16w153rxtLIEOE+HGqaBppczZvnHLqQJfiHotCYpNhl0lUROFQ==}

  jsesc@3.1.0:
    resolution: {integrity: sha512-/sM3dO2FOzXjKQhJuo0Q173wf2KOo8t4I8vHy6lF9poUp7bKT0/NHE8fPX23PwfhnykfqnC2xRxOnVw5XuGIaA==}
    engines: {node: '>=6'}
    hasBin: true

  ms@2.1.3:
    resolution: {integrity: sha512-6FlzubTLZG3J2a/NVCAleEhjzq5oxgHyaCU9yYXvcLsvoVaHJq/s5xXI6/XXP6tz7R9xAOtHnSO/tXtF3WRTlA==}

  oxlint@0.16.5:
    resolution: {integrity: sha512-z5MX2v4KUqzZQTnRkHHBPE4qEo08f5mJ4dQxi+r5t3xpGspVH/pBzWQ0UUy2xO3JHO8H6wpoeoh8bGs6jEygvQ==}
    engines: {node: '>=8.*'}
    hasBin: true

  pathe@2.0.3:
    resolution: {integrity: sha512-WUjGcAqP1gQacoQe+OBJsFA7Ld4DyXuUIjZ5cc75cLHvJ7dtNsTugphxIADwspS+AraAUePCKrSVtPLFj/F88w==}

  resolve-pkg-maps@1.0.0:
    resolution: {integrity: sha512-seS2Tj26TBVOC2NIc2rOe2y2ZO7efxITtLZcGSOnHHNOQ7CkiUBfw0Iw2ck6xkIhPwLhKNLS8BO+hEpngQlqzw==}

  rolldown-plugin-dts@0.13.13:
    resolution: {integrity: sha512-Nchx9nQoa4IpfQ/BJzodKMvtJ3H3dT322siAJSp3uvQJ+Pi1qgEjOp7hSQwGSQRhaC5gC+9hparbWEH5oiAL9Q==}
    engines: {node: '>=20.18.0'}
    peerDependencies:
      '@typescript/native-preview': '>=7.0.0-dev.20250601.1'
      rolldown: ^1.0.0-beta.9
      typescript: ^5.0.0
      vue-tsc: ~2.2.0
    peerDependenciesMeta:
      '@typescript/native-preview':
        optional: true
      typescript:
        optional: true
      vue-tsc:
        optional: true

  rolldown@1.0.0-beta.14-commit.12b8061:
    resolution: {integrity: sha512-HPrgKHb+zPwD4YluLu2wttyJCbDEwAvCb+kOltmIuG0dn48v9Xa8AuXRHHOYtA7UB2XQzKa6uEcgQVs7M711Yg==}
    hasBin: true

  tslib@2.8.1:
    resolution: {integrity: sha512-oJFu94HQb+KVduSUQL7wnpmqnfmLsOA/nAh6b6EH0wCEoK0/mPeXU6c3wKDV83MkOuHPRHtSXKKU99IBazS/2w==}

  typescript@5.8.3:
    resolution: {integrity: sha512-p1diW6TqL9L07nNxvRMM7hMMw4c5XOo/1ibL4aAIGmSAt9slTE1Xgw5KWuof2uTOvCg9BY7ZRi+GaF+7sfgPeQ==}
    engines: {node: '>=14.17'}
    hasBin: true

  undici-types@6.21.0:
    resolution: {integrity: sha512-iwDZqg0QAGrg9Rav5H4n0M64c3mkR59cJ6wQp+7C4nI0gsmExaedaYLNO44eT4AtBBwjbTiGPMlt2Md0T9H9JQ==}

snapshots:

  '@babel/generator@7.28.0':
    dependencies:
      '@babel/parser': 7.28.0
      '@babel/types': 7.28.0
      '@jridgewell/gen-mapping': 0.3.12
      '@jridgewell/trace-mapping': 0.3.29
      jsesc: 3.1.0

  '@babel/helper-string-parser@7.27.1': {}

  '@babel/helper-validator-identifier@7.27.1': {}

  '@babel/parser@7.28.0':
    dependencies:
      '@babel/types': 7.28.0

  '@babel/types@7.28.0':
    dependencies:
      '@babel/helper-string-parser': 7.27.1
      '@babel/helper-validator-identifier': 7.27.1

  '@emnapi/core@1.4.4':
    dependencies:
      '@emnapi/wasi-threads': 1.0.3
      tslib: 2.8.1
    optional: true

  '@emnapi/runtime@1.4.4':
    dependencies:
      tslib: 2.8.1
    optional: true

  '@emnapi/wasi-threads@1.0.3':
    dependencies:
      tslib: 2.8.1
    optional: true

  '@jridgewell/gen-mapping@0.3.12':
    dependencies:
      '@jridgewell/sourcemap-codec': 1.5.4
      '@jridgewell/trace-mapping': 0.3.29

  '@jridgewell/resolve-uri@3.1.2': {}

  '@jridgewell/sourcemap-codec@1.5.4': {}

  '@jridgewell/trace-mapping@0.3.29':
    dependencies:
      '@jridgewell/resolve-uri': 3.1.2
      '@jridgewell/sourcemap-codec': 1.5.4

  '@napi-rs/wasm-runtime@0.2.11':
    dependencies:
      '@emnapi/core': 1.4.4
      '@emnapi/runtime': 1.4.4
      '@tybys/wasm-util': 0.9.0
    optional: true

  '@oxc-project/runtime@0.72.3': {}

  '@oxc-project/types@0.72.3': {}

  '@oxlint/darwin-arm64@0.16.5':
    optional: true

  '@oxlint/darwin-x64@0.16.5':
    optional: true

  '@oxlint/linux-arm64-gnu@0.16.5':
    optional: true

  '@oxlint/linux-arm64-musl@0.16.5':
    optional: true

  '@oxlint/linux-x64-gnu@0.16.5':
    optional: true

  '@oxlint/linux-x64-musl@0.16.5':
    optional: true

  '@oxlint/win32-arm64@0.16.5':
    optional: true

  '@oxlint/win32-x64@0.16.5':
    optional: true

  '@rolldown/binding-darwin-arm64@1.0.0-beta.14-commit.12b8061':
    optional: true

  '@rolldown/binding-darwin-x64@1.0.0-beta.14-commit.12b8061':
    optional: true

  '@rolldown/binding-freebsd-x64@1.0.0-beta.14-commit.12b8061':
    optional: true

  '@rolldown/binding-linux-arm-gnueabihf@1.0.0-beta.14-commit.12b8061':
    optional: true

  '@rolldown/binding-linux-arm64-gnu@1.0.0-beta.14-commit.12b8061':
    optional: true

  '@rolldown/binding-linux-arm64-musl@1.0.0-beta.14-commit.12b8061':
    optional: true

  '@rolldown/binding-linux-x64-gnu@1.0.0-beta.14-commit.12b8061':
    optional: true

  '@rolldown/binding-linux-x64-musl@1.0.0-beta.14-commit.12b8061':
    optional: true

  '@rolldown/binding-wasm32-wasi@1.0.0-beta.14-commit.12b8061':
    dependencies:
      '@napi-rs/wasm-runtime': 0.2.11
    optional: true

  '@rolldown/binding-win32-arm64-msvc@1.0.0-beta.14-commit.12b8061':
    optional: true

  '@rolldown/binding-win32-ia32-msvc@1.0.0-beta.14-commit.12b8061':
    optional: true

  '@rolldown/binding-win32-x64-msvc@1.0.0-beta.14-commit.12b8061':
    optional: true

  '@rolldown/pluginutils@1.0.0-beta.14-commit.12b8061': {}

  '@tybys/wasm-util@0.9.0':
    dependencies:
      tslib: 2.8.1
    optional: true

  '@types/node@22.15.3':
    dependencies:
      undici-types: 6.21.0

  ansis@4.1.0: {}

  ast-kit@2.1.1:
    dependencies:
      '@babel/parser': 7.28.0
      pathe: 2.0.3

  birpc@2.4.0: {}

  debug@4.4.1:
    dependencies:
      ms: 2.1.3

  dts-resolver@2.1.1: {}

  get-tsconfig@4.10.1:
    dependencies:
      resolve-pkg-maps: 1.0.0

  jsesc@3.1.0: {}

  ms@2.1.3: {}

  oxlint@0.16.5:
    optionalDependencies:
      '@oxlint/darwin-arm64': 0.16.5
      '@oxlint/darwin-x64': 0.16.5
      '@oxlint/linux-arm64-gnu': 0.16.5
      '@oxlint/linux-arm64-musl': 0.16.5
      '@oxlint/linux-x64-gnu': 0.16.5
      '@oxlint/linux-x64-musl': 0.16.5
      '@oxlint/win32-arm64': 0.16.5
      '@oxlint/win32-x64': 0.16.5

  pathe@2.0.3: {}

  resolve-pkg-maps@1.0.0: {}

  rolldown-plugin-dts@0.13.13(rolldown@1.0.0-beta.14-commit.12b8061)(typescript@5.8.3):
    dependencies:
      '@babel/generator': 7.28.0
      '@babel/parser': 7.28.0
      '@babel/types': 7.28.0
      ast-kit: 2.1.1
      birpc: 2.4.0
      debug: 4.4.1
      dts-resolver: 2.1.1
      get-tsconfig: 4.10.1
      rolldown: 1.0.0-beta.14-commit.12b8061
    optionalDependencies:
      typescript: 5.8.3
    transitivePeerDependencies:
      - oxc-resolver
      - supports-color

  rolldown@1.0.0-beta.14-commit.12b8061:
    dependencies:
      '@oxc-project/runtime': 0.72.3
      '@oxc-project/types': 0.72.3
      '@rolldown/pluginutils': 1.0.0-beta.14-commit.12b8061
      ansis: 4.1.0
    optionalDependencies:
      '@rolldown/binding-darwin-arm64': 1.0.0-beta.14-commit.12b8061
      '@rolldown/binding-darwin-x64': 1.0.0-beta.14-commit.12b8061
      '@rolldown/binding-freebsd-x64': 1.0.0-beta.14-commit.12b8061
      '@rolldown/binding-linux-arm-gnueabihf': 1.0.0-beta.14-commit.12b8061
      '@rolldown/binding-linux-arm64-gnu': 1.0.0-beta.14-commit.12b8061
      '@rolldown/binding-linux-arm64-musl': 1.0.0-beta.14-commit.12b8061
      '@rolldown/binding-linux-x64-gnu': 1.0.0-beta.14-commit.12b8061
      '@rolldown/binding-linux-x64-musl': 1.0.0-beta.14-commit.12b8061
      '@rolldown/binding-wasm32-wasi': 1.0.0-beta.14-commit.12b8061
      '@rolldown/binding-win32-arm64-msvc': 1.0.0-beta.14-commit.12b8061
      '@rolldown/binding-win32-ia32-msvc': 1.0.0-beta.14-commit.12b8061
      '@rolldown/binding-win32-x64-msvc': 1.0.0-beta.14-commit.12b8061

  tslib@2.8.1:
    optional: true

  typescript@5.8.3: {}

  undici-types@6.21.0: {}
